
Microsoft Visual Studio Solution File, Format Version 12.00
# Visual Studio 15
VisualStudioVersion = 15.0.28307.572
MinimumVisualStudioVersion = 10.0.40219.1
Project("{8BC9CEB8-8B4A-11D0-8D11-00A0C91BC942}") = "FI-Gradient", "FI-Gradient\FI-Gradient.vcxproj", "{D5741A7C-5E9B-4C97-AD43-23AA5EE3C584}"
EndProject
Project("{8BC9CEB8-8B4A-11D0-8D11-00A0C91BC942}") = "Substitute", "Substitute\Substitute.vcxproj", "{93CF2B2E-8C51-473E-8B2D-BF842A78C67E}"
EndProject
Project("{8BC9CEB8-8B4A-11D0-8D11-00A0C91BC942}") = "New-Liner", "New-Liner\New-Liner.vcxproj", "{03F2A763-B3DD-4CCA-8C45-C9265E00E995}"
EndProject
Project("{8BC9CEB8-8B4A-11D0-8D11-00A0C91BC942}") = "PES-Parameter", "PES-Parameter\PES-Parameter.vcxproj", "{E8B9806A-2B02-4FEB-877D-F679F1E2CEDE}"
EndProject
Project("{8BC9CEB8-8B4A-11D0-8D11-00A0C91BC942}") = "drdx-generator", "Subroutine-drdx\Subroutine-drdx.vcxproj", "{130CBDE0-1106-47EF-9065-6684E86F4D60}"
EndProject
Project("{8BC9CEB8-8B4A-11D0-8D11-00A0C91BC942}") = "PES-Generator", "PES-Generator\PES-Generator.vcxproj", "{4BBB4912-16FF-4291-B12F-4B41A76C52D8}"
EndProject
Global
	GlobalSection(SolutionConfigurationPlatforms) = preSolution
		Debug|x64 = Debug|x64
		Debug|x86 = Debug|x86
		Release|x64 = Release|x64
		Release|x86 = Release|x86
	EndGlobalSection
	GlobalSection(ProjectConfigurationPlatforms) = postSolution
		{D5741A7C-5E9B-4C97-AD43-23AA5EE3C584}.Debug|x64.ActiveCfg = Debug|x64
		{D5741A7C-5E9B-4C97-AD43-23AA5EE3C584}.Debug|x64.Build.0 = Debug|x64
		{D5741A7C-5E9B-4C97-AD43-23AA5EE3C584}.Debug|x86.ActiveCfg = Debug|Win32
		{D5741A7C-5E9B-4C97-AD43-23AA5EE3C584}.Debug|x86.Build.0 = Debug|Win32
		{D5741A7C-5E9B-4C97-AD43-23AA5EE3C584}.Release|x64.ActiveCfg = Release|x64
		{D5741A7C-5E9B-4C97-AD43-23AA5EE3C584}.Release|x64.Build.0 = Release|x64
		{D5741A7C-5E9B-4C97-AD43-23AA5EE3C584}.Release|x86.ActiveCfg = Release|Win32
		{D5741A7C-5E9B-4C97-AD43-23AA5EE3C584}.Release|x86.Build.0 = Release|Win32
		{93CF2B2E-8C51-473E-8B2D-BF842A78C67E}.Debug|x64.ActiveCfg = Debug|x64
		{93CF2B2E-8C51-473E-8B2D-BF842A78C67E}.Debug|x64.Build.0 = Debug|x64
		{93CF2B2E-8C51-473E-8B2D-BF842A78C67E}.Debug|x86.ActiveCfg = Debug|Win32
		{93CF2B2E-8C51-473E-8B2D-BF842A78C67E}.Debug|x86.Build.0 = Debug|Win32
		{93CF2B2E-8C51-473E-8B2D-BF842A78C67E}.Release|x64.ActiveCfg = Release|x64
		{93CF2B2E-8C51-473E-8B2D-BF842A78C67E}.Release|x64.Build.0 = Release|x64
		{93CF2B2E-8C51-473E-8B2D-BF842A78C67E}.Release|x86.ActiveCfg = Release|Win32
		{93CF2B2E-8C51-473E-8B2D-BF842A78C67E}.Release|x86.Build.0 = Release|Win32
		{03F2A763-B3DD-4CCA-8C45-C9265E00E995}.Debug|x64.ActiveCfg = Debug|x64
		{03F2A763-B3DD-4CCA-8C45-C9265E00E995}.Debug|x64.Build.0 = Debug|x64
		{03F2A763-B3DD-4CCA-8C45-C9265E00E995}.Debug|x86.ActiveCfg = Debug|Win32
		{03F2A763-B3DD-4CCA-8C45-C9265E00E995}.Debug|x86.Build.0 = Debug|Win32
		{03F2A763-B3DD-4CCA-8C45-C9265E00E995}.Release|x64.ActiveCfg = Release|x64
		{03F2A763-B3DD-4CCA-8C45-C9265E00E995}.Release|x64.Build.0 = Release|x64
		{03F2A763-B3DD-4CCA-8C45-C9265E00E995}.Release|x86.ActiveCfg = Release|Win32
		{03F2A763-B3DD-4CCA-8C45-C9265E00E995}.Release|x86.Build.0 = Release|Win32
		{E8B9806A-2B02-4FEB-877D-F679F1E2CEDE}.Debug|x64.ActiveCfg = Debug|x64
		{E8B9806A-2B02-4FEB-877D-F679F1E2CEDE}.Debug|x64.Build.0 = Debug|x64
		{E8B9806A-2B02-4FEB-877D-F679F1E2CEDE}.Debug|x86.ActiveCfg = Debug|Win32
		{E8B9806A-2B02-4FEB-877D-F679F1E2CEDE}.Debug|x86.Build.0 = Debug|Win32
		{E8B9806A-2B02-4FEB-877D-F679F1E2CEDE}.Release|x64.ActiveCfg = Release|x64
		{E8B9806A-2B02-4FEB-877D-F679F1E2CEDE}.Release|x64.Build.0 = Release|x64
		{E8B9806A-2B02-4FEB-877D-F679F1E2CEDE}.Release|x86.ActiveCfg = Release|Win32
		{E8B9806A-2B02-4FEB-877D-F679F1E2CEDE}.Release|x86.Build.0 = Release|Win32
		{130CBDE0-1106-47EF-9065-6684E86F4D60}.Debug|x64.ActiveCfg = Debug|x64
		{130CBDE0-1106-47EF-9065-6684E86F4D60}.Debug|x64.Build.0 = Debug|x64
		{130CBDE0-1106-47EF-9065-6684E86F4D60}.Debug|x86.ActiveCfg = Debug|Win32
		{130CBDE0-1106-47EF-9065-6684E86F4D60}.Debug|x86.Build.0 = Debug|Win32
		{130CBDE0-1106-47EF-9065-6684E86F4D60}.Release|x64.ActiveCfg = Release|x64
		{130CBDE0-1106-47EF-9065-6684E86F4D60}.Release|x64.Build.0 = Release|x64
		{130CBDE0-1106-47EF-9065-6684E86F4D60}.Release|x86.ActiveCfg = Release|Win32
		{130CBDE0-1106-47EF-9065-6684E86F4D60}.Release|x86.Build.0 = Release|Win32
		{4BBB4912-16FF-4291-B12F-4B41A76C52D8}.Debug|x64.ActiveCfg = Debug|x64
		{4BBB4912-16FF-4291-B12F-4B41A76C52D8}.Debug|x64.Build.0 = Debug|x64
		{4BBB4912-16FF-4291-B12F-4B41A76C52D8}.Debug|x86.ActiveCfg = Debug|Win32
		{4BBB4912-16FF-4291-B12F-4B41A76C52D8}.Debug|x86.Build.0 = Debug|Win32
		{4BBB4912-16FF-4291-B12F-4B41A76C52D8}.Release|x64.ActiveCfg = Release|x64
		{4BBB4912-16FF-4291-B12F-4B41A76C52D8}.Release|x64.Build.0 = Release|x64
		{4BBB4912-16FF-4291-B12F-4B41A76C52D8}.Release|x86.ActiveCfg = Release|Win32
		{4BBB4912-16FF-4291-B12F-4B41A76C52D8}.Release|x86.Build.0 = Release|Win32
	EndGlobalSection
	GlobalSection(SolutionProperties) = preSolution
		HideSolutionNode = FALSE
	EndGlobalSection
	GlobalSection(ExtensibilityGlobals) = postSolution
		SolutionGuid = {03675C86-B293-41AE-A6E7-CF776E0F7939}
	EndGlobalSection
EndGlobal
